[[package]]
name = "attrs"
version = "21.4.0"
requires_python = ">=2.7, !=3.0.*, !=3.1.*, !=3.2.*, !=3.3.*, !=3.4.*"
summary = "Classes Without Boilerplate"

[[package]]
name = "blinker"
version = "1.4"
summary = "Fast, simple object-to-object and broadcast signaling"

[[package]]
name = "cached-property"
version = "1.5.2"
summary = "A decorator for caching properties in classes."

[[package]]
name = "click"
version = "8.0.3"
requires_python = ">=3.6"
summary = "Composable command line interface toolkit"
dependencies = [
    "colorama; platform_system == \"Windows\"",
]

[[package]]
name = "colorama"
version = "0.4.4"
requires_python = ">=2.7, !=3.0.*, !=3.1.*, !=3.2.*, !=3.3.*, !=3.4.*"
summary = "Cross-platform colored terminal text."

[[package]]
name = "installer"
version = "0.3.0"
requires_python = ">=2.7,!=3.0.*,!=3.1.*,!=3.2.*,!=3.3.*,!=3.4.*"
summary = "A library for installing Python wheels."

[[package]]
name = "packaging"
version = "20.9"
requires_python = ">=2.7, !=3.0.*, !=3.1.*, !=3.2.*, !=3.3.*"
summary = "Core utilities for Python packages"
dependencies = [
    "pyparsing>=2.0.2",
]

[[package]]
name = "pdm"
version = "1.12.7"
requires_python = ">=3.7"
summary = "Python Development Master"
dependencies = [
    "blinker",
    "click>=7",
    "installer~=0.3.0",
    "packaging",
    "pdm-pep517<0.11,>=0.9",
    "pep517>=0.11.0",
    "pip<22,>=20.1",
    "platformdirs",
    "python-dotenv>=0.15",
    "pythonfinder",
    "resolvelib<0.9,>=0.8",
    "shellingham>=1.3.2",
    "tomli>=1.1.0",
    "tomlkit<1,>=0.8.0",
    "wheel>=0.36.2",
]

[[package]]
name = "pdm-pep517"
version = "0.10.2"
requires_python = ">=3.6"
summary = "A PEP 517 backend for PDM that supports PEP 621 metadata"

[[package]]
name = "pep440-version-utils"
version = "0.3.0"
requires_python = ">=3.6,<4.0"
summary = "Utilities to deal with pep440 versioning"
dependencies = [
    "packaging<21.0,>=20.3",
]

[[package]]
name = "pep517"
version = "0.12.0"
summary = "Wrappers to build Python packages using PEP 517 hooks"
dependencies = [
    "tomli>=1.1.0; python_version >= \"3.6\"",
]

[[package]]
name = "pip"
version = "21.3.1"
requires_python = ">=3.6"
summary = "The PyPA recommended tool for installing Python packages."

[[package]]
name = "platformdirs"
version = "2.4.1"
requires_python = ">=3.7"
summary = "A small Python module for determining appropriate platform-specific dirs, e.g. a \"user data dir\"."

[[package]]
name = "pyparsing"
version = "3.0.7"
requires_python = ">=3.6"
summary = "Python parsing module"

[[package]]
name = "python-dotenv"
version = "0.19.2"
requires_python = ">=3.5"
summary = "Read key-value pairs from a .env file and set them as environment variables"

[[package]]
name = "pythonfinder"
version = "1.2.9"
requires_python = "!=3.0.*,!=3.1.*,!=3.2.*,!=3.3.*,>=2.7"
summary = "A cross-platform python discovery tool to help locate python on any system."
dependencies = [
    "attrs",
    "cached-property",
    "click",
    "packaging",
    "six",
]

[[package]]
name = "resolvelib"
version = "0.8.1"
summary = "Resolve abstract dependencies into concrete ones"

[[package]]
name = "shellingham"
version = "1.4.0"
requires_python = "!=3.0,!=3.1,!=3.2,!=3.3,>=2.6"
summary = "Tool to Detect Surrounding Shell"

[[package]]
name = "six"
version = "1.16.0"
requires_python = ">=2.7, !=3.0.*, !=3.1.*, !=3.2.*"
summary = "Python 2 and 3 compatibility utilities"

[[package]]
name = "tomli"
version = "2.0.0"
requires_python = ">=3.7"
summary = "A lil' TOML parser"

[[package]]
name = "tomlkit"
version = "0.8.0"
requires_python = ">=3.6,<4.0"
summary = "Style preserving TOML library"

[[package]]
name = "wheel"
version = "0.37.1"
requires_python = "!=3.0.*,!=3.1.*,!=3.2.*,!=3.3.*,!=3.4.*,>=2.7"
summary = "A built-package format for Python"

[metadata]
lock_version = "3.1"
content_hash = "sha256:78d53bd79653c71278d7debe8dfde6a3a0e234338d9c394de6cf4489e80d9433"

[metadata.files]
"attrs 21.4.0" = [
    {file = "attrs-21.4.0-py2.py3-none-any.whl", hash = "sha256:2d27e3784d7a565d36ab851fe94887c5eccd6a463168875832a1be79c82828b4"},
    {file = "attrs-21.4.0.tar.gz", hash = "sha256:626ba8234211db98e869df76230a137c4c40a12d72445c45d5f5b716f076e2fd"},
]
"blinker 1.4" = [
    {file = "blinker-1.4.tar.gz", hash = "sha256:471aee25f3992bd325afa3772f1063dbdbbca947a041b8b89466dc00d606f8b6"},
]
"cached-property 1.5.2" = [
    {file = "cached_property-1.5.2-py2.py3-none-any.whl", hash = "sha256:df4f613cf7ad9a588cc381aaf4a512d26265ecebd5eb9e1ba12f1319eb85a6a0"},
    {file = "cached-property-1.5.2.tar.gz", hash = "sha256:9fa5755838eecbb2d234c3aa390bd80fbd3ac6b6869109bfc1b499f7bd89a130"},
]
"click 8.0.3" = [
    {file = "click-8.0.3-py3-none-any.whl", hash = "sha256:353f466495adaeb40b6b5f592f9f91cb22372351c84caeb068132442a4518ef3"},
    {file = "click-8.0.3.tar.gz", hash = "sha256:410e932b050f5eed773c4cda94de75971c89cdb3155a72a0831139a79e5ecb5b"},
]
"colorama 0.4.4" = [
    {file = "colorama-0.4.4-py2.py3-none-any.whl", hash = "sha256:9f47eda37229f68eee03b24b9748937c7dc3868f906e8ba69fbcbdd3bc5dc3e2"},
    {file = "colorama-0.4.4.tar.gz", hash = "sha256:5941b2b48a20143d2267e95b1c2a7603ce057ee39fd88e7329b0c292aa16869b"},
]
"installer 0.3.0" = [
    {file = "installer-0.3.0-py2.py3-none-any.whl", hash = "sha256:d613bf6e535a01c6cb2179a96ae154dc2dbbf80f77e1622233b9ccbbf2f65161"},
    {file = "installer-0.3.0.tar.gz", hash = "sha256:e7dc5ec8b737fe3fa7c1872a6ebe120d7abc7cf780aa39af669c382a0fcb6de7"},
]
"packaging 20.9" = [
    {file = "packaging-20.9-py2.py3-none-any.whl", hash = "sha256:67714da7f7bc052e064859c05c595155bd1ee9f69f76557e21f051443c20947a"},
    {file = "packaging-20.9.tar.gz", hash = "sha256:5b327ac1320dc863dca72f4514ecc086f31186744b84a230374cc1fd776feae5"},
]
"pdm 1.12.7" = [
    {file = "pdm-1.12.7-py3-none-any.whl", hash = "sha256:6925e2863c081289ba82f2b6165c95d145d2135589c919ac49fc066ab433f31c"},
    {file = "pdm-1.12.7.tar.gz", hash = "sha256:efedebb9b006eb07a8800a6afe0989cea4254e9a0ccd9fdbb41ab744a34f3484"},
]
"pdm-pep517 0.10.2" = [
    {file = "pdm_pep517-0.10.2-py3-none-any.whl", hash = "sha256:f4ae4d3aceefe2d8e41d2a6da417adc70102a7d2bc0965b88a79d1caadbe6259"},
    {file = "pdm-pep517-0.10.2.tar.gz", hash = "sha256:83bb71a7588df69ea0d77dc6524741c3a1af54ad5f421341428de648bfc03a29"},
]
"pep440-version-utils 0.3.0" = [
    {file = "pep440_version_utils-0.3.0-py3-none-any.whl", hash = "sha256:73780b2c31adad5ca35c89eb008f51c2a47aee0318debe31391b673b90577e1b"},
    {file = "pep440-version-utils-0.3.0.tar.gz", hash = "sha256:ceb8c8da63b54cc555946d91829f72fe323f8d635b22fa54ef0a9800c37f50df"},
]
"pep517 0.12.0" = [
    {file = "pep517-0.12.0-py2.py3-none-any.whl", hash = "sha256:dd884c326898e2c6e11f9e0b64940606a93eb10ea022a2e067959f3a110cf161"},
    {file = "pep517-0.12.0.tar.gz", hash = "sha256:931378d93d11b298cf511dd634cf5ea4cb249a28ef84160b3247ee9afb4e8ab0"},
]
"pip 21.3.1" = [
    {file = "pip-21.3.1-py3-none-any.whl", hash = "sha256:deaf32dcd9ab821e359cd8330786bcd077604b5c5730c0b096eda46f95c24a2d"},
    {file = "pip-21.3.1.tar.gz", hash = "sha256:fd11ba3d0fdb4c07fbc5ecbba0b1b719809420f25038f8ee3cd913d3faa3033a"},
]
"platformdirs 2.4.1" = [
    {file = "platformdirs-2.4.1-py3-none-any.whl", hash = "sha256:1d7385c7db91728b83efd0ca99a5afb296cab9d0ed8313a45ed8ba17967ecfca"},
    {file = "platformdirs-2.4.1.tar.gz", hash = "sha256:440633ddfebcc36264232365d7840a970e75e1018d15b4327d11f91909045fda"},
]
"pyparsing 3.0.7" = [
    {file = "pyparsing-3.0.7-py3-none-any.whl", hash = "sha256:a6c06a88f252e6c322f65faf8f418b16213b51bdfaece0524c1c1bc30c63c484"},
    {file = "pyparsing-3.0.7.tar.gz", hash = "sha256:18ee9022775d270c55187733956460083db60b37d0d0fb357445f3094eed3eea"},
]
"python-dotenv 0.19.2" = [
    {file = "python_dotenv-0.19.2-py2.py3-none-any.whl", hash = "sha256:32b2bdc1873fd3a3c346da1c6db83d0053c3c62f28f1f38516070c4c8971b1d3"},
    {file = "python-dotenv-0.19.2.tar.gz", hash = "sha256:a5de49a31e953b45ff2d2fd434bbc2670e8db5273606c1e737cc6b93eff3655f"},
]
"pythonfinder 1.2.9" = [
    {file = "pythonfinder-1.2.9-py2.py3-none-any.whl", hash = "sha256:57076625e59b6ea41fcc13671278b7be0a97408f67f94adce4bdc8f8c574c2a5"},
    {file = "pythonfinder-1.2.9.tar.gz", hash = "sha256:1a7f756c7f1b47558c9287bce87298c33760ded4552f06b82c28f3f0eee7b91f"},
]
"resolvelib 0.8.1" = [
    {file = "resolvelib-0.8.1-py2.py3-none-any.whl", hash = "sha256:d9b7907f055c3b3a2cfc56c914ffd940122915826ff5fb5b1de0c99778f4de98"},
    {file = "resolvelib-0.8.1.tar.gz", hash = "sha256:c6ea56732e9fb6fca1b2acc2ccc68a0b6b8c566d8f3e78e0443310ede61dbd37"},
]
"shellingham 1.4.0" = [
    {file = "shellingham-1.4.0-py2.py3-none-any.whl", hash = "sha256:536b67a0697f2e4af32ab176c00a50ac2899c5a05e0d8e2dadac8e58888283f9"},
    {file = "shellingham-1.4.0.tar.gz", hash = "sha256:4855c2458d6904829bd34c299f11fdeed7cfefbf8a2c522e4caea6cd76b3171e"},
]
"six 1.16.0" = [
    {file = "six-1.16.0-py2.py3-none-any.whl", hash = "sha256:8abb2f1d86890a2dfb989f9a77cfcfd3e47c2a354b01111771326f8aa26e0254"},
    {file = "six-1.16.0.tar.gz", hash = "sha256:1e61c37477a1626458e36f7b1d82aa5c9b094fa4802892072e49de9c60c4c926"},
]
"tomli 2.0.0" = [
    {file = "tomli-2.0.0-py3-none-any.whl", hash = "sha256:b5bde28da1fed24b9bd1d4d2b8cba62300bfb4ec9a6187a957e8ddb9434c5224"},
    {file = "tomli-2.0.0.tar.gz", hash = "sha256:c292c34f58502a1eb2bbb9f5bbc9a5ebc37bee10ffb8c2d6bbdfa8eb13cc14e1"},
]
"tomlkit 0.8.0" = [
    {file = "tomlkit-0.8.0-py3-none-any.whl", hash = "sha256:b824e3466f1d475b2b5f1c392954c6cb7ea04d64354ff7300dc7c14257dc85db"},
    {file = "tomlkit-0.8.0.tar.gz", hash = "sha256:29e84a855712dfe0e88a48f6d05c21118dbafb283bb2eed614d46f80deb8e9a1"},
]
"wheel 0.37.1" = [
    {file = "wheel-0.37.1-py2.py3-none-any.whl", hash = "sha256:4bdcd7d840138086126cd09254dc6195fb4fc6f01c050a1d7236f2630db1d22a"},
    {file = "wheel-0.37.1.tar.gz", hash = "sha256:e9a504e793efbca1b8e0e9cb979a249cf4a0a7b5b8c9e8b65a5e39d49529c1c4"},
]
