[[package]]
name = "appdirs"
version = "1.4.4"
summary = "A small Python module for determining appropriate platform-specific dirs, e.g. a \"user data dir\"."

[[package]]
name = "atoml"
version = "1.0.3"
requires_python = ">=3.6"
summary = "Yet another style preserving TOML library"

[[package]]
name = "attrs"
version = "21.2.0"
requires_python = ">=2.7,!=3.0.*,!=3.1.*,!=3.2.*,!=3.3.*,!=3.4.*"
summary = "Classes Without Boilerplate"

[[package]]
name = "cached-property"
version = "1.5.2"
summary = "A decorator for caching properties in classes."

[[package]]
name = "click"
version = "8.0.1"
requires_python = ">=3.6"
summary = "Composable command line interface toolkit"
dependencies = [
    "colorama; platform_system == \"Windows\"",
]

[[package]]
name = "colorama"
version = "0.4.4"
requires_python = ">=2.7,!=3.0.*,!=3.1.*,!=3.2.*,!=3.3.*,!=3.4.*"
summary = "Cross-platform colored terminal text."

[[package]]
name = "installer"
version = "0.2.3"
requires_python = ">=2.7,!=3.0.*,!=3.1.*,!=3.2.*,!=3.3.*,!=3.4.*"
summary = "A library for installing Python wheels."

[[package]]
name = "packaging"
version = "20.9"
requires_python = ">=2.7,!=3.0.*,!=3.1.*,!=3.2.*,!=3.3.*"
summary = "Core utilities for Python packages"
dependencies = [
    "pyparsing>=2.0.2",
]

[[package]]
name = "pdm"
version = "1.8.3"
requires_python = ">=3.7"
summary = "Python Development Master"
dependencies = [
    "appdirs",
    "atoml>=1.0.3",
    "click>=7",
    "installer~=0.2.3",
    "pdm-pep517<0.9,>=0.8",
    "pep517>=0.11.0",
    "pip>=20.1",
    "python-dotenv~=0.15",
    "pythonfinder",
    "resolvelib<0.8.0,>=0.7.0",
    "shellingham<2.0.0,>=1.3.2",
    "tomli<2.0.0,>=1.1.0",
    "wheel<1.0.0,>=0.36.2",
]

[[package]]
name = "pdm-pep517"
version = "0.8.3"
requires_python = ">=3.6"
summary = "A PEP 517 backend for PDM that supports PEP 621 metadata"

[[package]]
name = "pep440-version-utils"
version = "0.3.0"
requires_python = ">=3.6,<4.0"
summary = "Utilities to deal with pep440 versioning"
dependencies = [
    "packaging<21.0,>=20.3",
]

[[package]]
name = "pep517"
version = "0.11.0"
summary = "Wrappers to build Python packages using PEP 517 hooks"
dependencies = [
    "tomli; python_version >= \"3.6\"",
]

[[package]]
name = "pip"
version = "21.2.4"
requires_python = ">=3.6"
summary = "The PyPA recommended tool for installing Python packages."

[[package]]
name = "pyparsing"
version = "2.4.7"
requires_python = ">=2.6,!=3.0.*,!=3.1.*,!=3.2.*"
summary = "Python parsing module"

[[package]]
name = "python-dotenv"
version = "0.19.0"
requires_python = ">=3.5"
summary = "Read key-value pairs from a .env file and set them as environment variables"

[[package]]
name = "pythonfinder"
version = "1.2.8"
requires_python = ">=2.7,!=3.0.*,!=3.1.*,!=3.2.*,!=3.3.*"
summary = "A cross-platform python discovery tool to help locate python on any system."
dependencies = [
    "attrs",
    "cached-property",
    "click",
    "packaging",
    "six",
]

[[package]]
name = "resolvelib"
version = "0.7.1"
summary = "Resolve abstract dependencies into concrete ones"

[[package]]
name = "shellingham"
version = "1.4.0"
requires_python = ">=2.6,!=3.0.0,!=3.1.0,!=3.2.0,!=3.3.0"
summary = "Tool to Detect Surrounding Shell"

[[package]]
name = "six"
version = "1.16.0"
requires_python = ">=2.7,!=3.0.*,!=3.1.*,!=3.2.*"
summary = "Python 2 and 3 compatibility utilities"

[[package]]
name = "tomli"
version = "1.2.1"
requires_python = ">=3.6"
summary = "A lil' TOML parser"

[[package]]
name = "wheel"
version = "0.37.0"
requires_python = ">=2.7,!=3.0.*,!=3.1.*,!=3.2.*,!=3.3.*,!=3.4.*"
summary = "A built-package format for Python"

[metadata]
lock_version = "3.1"
content_hash = "sha256:5856e7d52b92e8b0420266b38f59f38367932be398d1333ab5adcf21fe6f2253"

[metadata.files]
"appdirs 1.4.4" = [
    {file = "appdirs-1.4.4-py2.py3-none-any.whl", hash = "sha256:a841dacd6b99318a741b166adb07e19ee71a274450e68237b4650ca1055ab128"},
    {file = "appdirs-1.4.4.tar.gz", hash = "sha256:7d5d0167b2b1ba821647616af46a749d1c653740dd0d2415100fe26e27afdf41"},
]
"atoml 1.0.3" = [
    {file = "atoml-1.0.3-py3-none-any.whl", hash = "sha256:944c0e9043ca4e0729d4125132841ef1110677b8d015a624892d63cdc4988655"},
    {file = "atoml-1.0.3.tar.gz", hash = "sha256:5dd70efcafde94a6aa5db2e8c6af5d832bf95b38f47d3283ee3779e920218e94"},
]
"attrs 21.2.0" = [
    {file = "attrs-21.2.0-py2.py3-none-any.whl", hash = "sha256:149e90d6d8ac20db7a955ad60cf0e6881a3f20d37096140088356da6c716b0b1"},
    {file = "attrs-21.2.0.tar.gz", hash = "sha256:ef6aaac3ca6cd92904cdd0d83f629a15f18053ec84e6432106f7a4d04ae4f5fb"},
]
"cached-property 1.5.2" = [
    {file = "cached_property-1.5.2-py2.py3-none-any.whl", hash = "sha256:df4f613cf7ad9a588cc381aaf4a512d26265ecebd5eb9e1ba12f1319eb85a6a0"},
    {file = "cached-property-1.5.2.tar.gz", hash = "sha256:9fa5755838eecbb2d234c3aa390bd80fbd3ac6b6869109bfc1b499f7bd89a130"},
]
"click 8.0.1" = [
    {file = "click-8.0.1-py3-none-any.whl", hash = "sha256:fba402a4a47334742d782209a7c79bc448911afe1149d07bdabdf480b3e2f4b6"},
    {file = "click-8.0.1.tar.gz", hash = "sha256:8c04c11192119b1ef78ea049e0a6f0463e4c48ef00a30160c704337586f3ad7a"},
]
"colorama 0.4.4" = [
    {file = "colorama-0.4.4-py2.py3-none-any.whl", hash = "sha256:9f47eda37229f68eee03b24b9748937c7dc3868f906e8ba69fbcbdd3bc5dc3e2"},
    {file = "colorama-0.4.4.tar.gz", hash = "sha256:5941b2b48a20143d2267e95b1c2a7603ce057ee39fd88e7329b0c292aa16869b"},
]
"installer 0.2.3" = [
    {file = "installer-0.2.3-py2.py3-none-any.whl", hash = "sha256:e649b9c7a454708a33a39db69f8daee515c9345020ab2fb2299d6639aad65711"},
    {file = "installer-0.2.3.tar.gz", hash = "sha256:82c899f5e3c78303242df9c9ca7ac58001c9806d8c23fa2772be769d1f560fe5"},
]
"packaging 20.9" = [
    {file = "packaging-20.9-py2.py3-none-any.whl", hash = "sha256:67714da7f7bc052e064859c05c595155bd1ee9f69f76557e21f051443c20947a"},
    {file = "packaging-20.9.tar.gz", hash = "sha256:5b327ac1320dc863dca72f4514ecc086f31186744b84a230374cc1fd776feae5"},
]
"pdm 1.8.3" = [
    {file = "pdm-1.8.3-py3-none-any.whl", hash = "sha256:23a76df8e2e3f56254011973c706a650f7eb209efd7a8a7bba2fbed9b9f3a907"},
    {file = "pdm-1.8.3.tar.gz", hash = "sha256:5ecf684536352417531eaccd34dc76904a705b88e542c56cceb3e2847fb0c7d1"},
]
"pdm-pep517 0.8.3" = [
    {file = "pdm_pep517-0.8.3-py3-none-any.whl", hash = "sha256:d3ed361e917107d38d38ccbc0920ec201b4def2c00aea03fc39a5efcc4e82c66"},
    {file = "pdm-pep517-0.8.3.tar.gz", hash = "sha256:76c383a4ab2e612884c9118514d46e748720da4659cc4ea029ac4439c7af103a"},
]
"pep440-version-utils 0.3.0" = [
    {file = "pep440_version_utils-0.3.0-py3-none-any.whl", hash = "sha256:73780b2c31adad5ca35c89eb008f51c2a47aee0318debe31391b673b90577e1b"},
    {file = "pep440-version-utils-0.3.0.tar.gz", hash = "sha256:ceb8c8da63b54cc555946d91829f72fe323f8d635b22fa54ef0a9800c37f50df"},
]
"pep517 0.11.0" = [
    {file = "pep517-0.11.0-py2.py3-none-any.whl", hash = "sha256:3fa6b85b9def7ba4de99fb7f96fe3f02e2d630df8aa2720a5cf3b183f087a738"},
    {file = "pep517-0.11.0.tar.gz", hash = "sha256:e1ba5dffa3a131387979a68ff3e391ac7d645be409216b961bc2efe6468ab0b2"},
]
"pip 21.2.4" = [
    {file = "pip-21.2.4-py3-none-any.whl", hash = "sha256:fa9ebb85d3fd607617c0c44aca302b1b45d87f9c2a1649b46c26167ca4296323"},
    {file = "pip-21.2.4.tar.gz", hash = "sha256:0eb8a1516c3d138ae8689c0c1a60fde7143310832f9dc77e11d8a4bc62de193b"},
]
"pyparsing 2.4.7" = [
    {file = "pyparsing-2.4.7-py2.py3-none-any.whl", hash = "sha256:ef9d7589ef3c200abe66653d3f1ab1033c3c419ae9b9bdb1240a85b024efc88b"},
    {file = "pyparsing-2.4.7.tar.gz", hash = "sha256:c203ec8783bf771a155b207279b9bccb8dea02d8f0c9e5f8ead507bc3246ecc1"},
]
"python-dotenv 0.19.0" = [
    {file = "python_dotenv-0.19.0-py2.py3-none-any.whl", hash = "sha256:aae25dc1ebe97c420f50b81fb0e5c949659af713f31fdb63c749ca68748f34b1"},
    {file = "python-dotenv-0.19.0.tar.gz", hash = "sha256:f521bc2ac9a8e03c736f62911605c5d83970021e3fa95b37d769e2bbbe9b6172"},
]
"pythonfinder 1.2.8" = [
    {file = "pythonfinder-1.2.8-py2.py3-none-any.whl", hash = "sha256:96815a069dfc4c265b0900fcb02d7b7b0bd8d788d2fb5090051af9ec33920252"},
    {file = "pythonfinder-1.2.8.tar.gz", hash = "sha256:e3ea90d327f2ff61a692af9326deced042bb27f6fd562fc788637abee9bd62d9"},
]
"resolvelib 0.7.1" = [
    {file = "resolvelib-0.7.1-py2.py3-none-any.whl", hash = "sha256:4bb1e7ec9b3054c3914cad1e715288b11091756bdb72af49fb8986931715a01a"},
    {file = "resolvelib-0.7.1.tar.gz", hash = "sha256:c526cda7f080d908846262d86c738231d9bfb556eb02d77167b685d65d85ace9"},
]
"shellingham 1.4.0" = [
    {file = "shellingham-1.4.0-py2.py3-none-any.whl", hash = "sha256:536b67a0697f2e4af32ab176c00a50ac2899c5a05e0d8e2dadac8e58888283f9"},
    {file = "shellingham-1.4.0.tar.gz", hash = "sha256:4855c2458d6904829bd34c299f11fdeed7cfefbf8a2c522e4caea6cd76b3171e"},
]
"six 1.16.0" = [
    {file = "six-1.16.0-py2.py3-none-any.whl", hash = "sha256:8abb2f1d86890a2dfb989f9a77cfcfd3e47c2a354b01111771326f8aa26e0254"},
    {file = "six-1.16.0.tar.gz", hash = "sha256:1e61c37477a1626458e36f7b1d82aa5c9b094fa4802892072e49de9c60c4c926"},
]
"tomli 1.2.1" = [
    {file = "tomli-1.2.1-py3-none-any.whl", hash = "sha256:8dd0e9524d6f386271a36b41dbf6c57d8e32fd96fd22b6584679dc569d20899f"},
    {file = "tomli-1.2.1.tar.gz", hash = "sha256:a5b75cb6f3968abb47af1b40c1819dc519ea82bcc065776a866e8d74c5ca9442"},
]
"wheel 0.37.0" = [
    {file = "wheel-0.37.0-py2.py3-none-any.whl", hash = "sha256:21014b2bd93c6d0034b6ba5d35e4eb284340e09d63c59aef6fc14b0f346146fd"},
    {file = "wheel-0.37.0.tar.gz", hash = "sha256:e2ef7239991699e3355d54f8e968a21bb940a1dbf34a4d226741e64462516fad"},
]
